// !$*UTF8*$!
{
	archiveVersion = 1;
	classes = {
	};
	objectVersion = 56;
	objects = {

/* Begin PBXBuildFile section */
		B0045C5F2B8583DC00CDC16A /* Launch Screen.storyboard in Resources */ = {isa = PBXBuildFile; fileRef = B0045C5E2B8583DC00CDC16A /* Launch Screen.storyboard */; };
		B018DC1D2B01C07700E341C1 /* User.swift in Sources */ = {isa = PBXBuildFile; fileRef = B018DC1C2B01C07700E341C1 /* User.swift */; };
		B018DC1F2B01C6F900E341C1 /* Ticket.swift in Sources */ = {isa = PBXBuildFile; fileRef = B018DC1E2B01C6F900E341C1 /* Ticket.swift */; };
		B018DC272B01D1DE00E341C1 /* Field.swift in Sources */ = {isa = PBXBuildFile; fileRef = B018DC262B01D1DE00E341C1 /* Field.swift */; };
		B024D00E2B06E42D00428F96 /* TicketView.swift in Sources */ = {isa = PBXBuildFile; fileRef = B024D00D2B06E42D00428F96 /* TicketView.swift */; };
		B024D0102B06E43700428F96 /* TicketViewModel.swift in Sources */ = {isa = PBXBuildFile; fileRef = B024D00F2B06E43700428F96 /* TicketViewModel.swift */; };
		B024D0132B06E80000428F96 /* MockData.swift in Sources */ = {isa = PBXBuildFile; fileRef = B024D0122B06E80000428F96 /* MockData.swift */; };
		B024D0152B07572100428F96 /* Constant.swift in Sources */ = {isa = PBXBuildFile; fileRef = B024D0142B07572100428F96 /* Constant.swift */; };
		B024D0172B075A3A00428F96 /* TicketFieldView.swift in Sources */ = {isa = PBXBuildFile; fileRef = B024D0162B075A3A00428F96 /* TicketFieldView.swift */; };
		B024D0192B075ACB00428F96 /* FieldTile.swift in Sources */ = {isa = PBXBuildFile; fileRef = B024D0182B075ACB00428F96 /* FieldTile.swift */; };
		B06ECDE12B06E07C00F29C41 /* NewTicketView.swift in Sources */ = {isa = PBXBuildFile; fileRef = B06ECDE02B06E07C00F29C41 /* NewTicketView.swift */; };
		B06ECDE32B06E08700F29C41 /* NewTicketViewModel.swift in Sources */ = {isa = PBXBuildFile; fileRef = B06ECDE22B06E08700F29C41 /* NewTicketViewModel.swift */; };
		B0732AF52B0EC696002C4398 /* Form.swift in Sources */ = {isa = PBXBuildFile; fileRef = B018DC202B01C75800E341C1 /* Form.swift */; };
		B07363132B1EABC3008F8416 /* ChatView.swift in Sources */ = {isa = PBXBuildFile; fileRef = B07363122B1EABC3008F8416 /* ChatView.swift */; };
		B07363162B1FE699008F8416 /* CodeScanner in Frameworks */ = {isa = PBXBuildFile; productRef = B07363152B1FE699008F8416 /* CodeScanner */; };
		B08C90872B27DC8E0030921F /* AppConfig.swift in Sources */ = {isa = PBXBuildFile; fileRef = B08C90862B27DC8E0030921F /* AppConfig.swift */; };
		B08C908A2B2914C70030921F /* Lottie in Frameworks */ = {isa = PBXBuildFile; productRef = B08C90892B2914C70030921F /* Lottie */; };
		B08C908C2B29174E0030921F /* LoadingView.swift in Sources */ = {isa = PBXBuildFile; fileRef = B08C908B2B29174E0030921F /* LoadingView.swift */; };
		B08C90982B2FA8160030921F /* EmailVerificationView.swift in Sources */ = {isa = PBXBuildFile; fileRef = B08C90972B2FA8160030921F /* EmailVerificationView.swift */; };
		B08C909E2B2FD0F10030921F /* LottieView.swift in Sources */ = {isa = PBXBuildFile; fileRef = B08C909D2B2FD0F10030921F /* LottieView.swift */; };
		B08C90A02B2FE2660030921F /* AnimatedSplashScreen.swift in Sources */ = {isa = PBXBuildFile; fileRef = B08C909F2B2FE2660030921F /* AnimatedSplashScreen.swift */; };
		B08C90A82B3135B00030921F /* splash.json in Resources */ = {isa = PBXBuildFile; fileRef = B08C90A72B3135B00030921F /* splash.json */; };
		B08C90AA2B3144270030921F /* EmailFieldView.swift in Sources */ = {isa = PBXBuildFile; fileRef = B08C90A92B3144270030921F /* EmailFieldView.swift */; };
		B08C90AC2B3144320030921F /* EmailFieldViewModel.swift in Sources */ = {isa = PBXBuildFile; fileRef = B08C90AB2B3144320030921F /* EmailFieldViewModel.swift */; };
		B08C90AE2B3144420030921F /* EmailVerificationViewModel.swift in Sources */ = {isa = PBXBuildFile; fileRef = B08C90AD2B3144420030921F /* EmailVerificationViewModel.swift */; };
		B08C90B02B3144C60030921F /* MobileFieldViewModel.swift in Sources */ = {isa = PBXBuildFile; fileRef = B08C90AF2B3144C60030921F /* MobileFieldViewModel.swift */; };
		B08C90B22B3144D30030921F /* MobileFieldView.swift in Sources */ = {isa = PBXBuildFile; fileRef = B08C90B12B3144D30030921F /* MobileFieldView.swift */; };
		B08C90B42B3144DF0030921F /* SMSVerificationView.swift in Sources */ = {isa = PBXBuildFile; fileRef = B08C90B32B3144DF0030921F /* SMSVerificationView.swift */; };
		B08C90B62B3144EA0030921F /* SMSVerificationViewModel.swift in Sources */ = {isa = PBXBuildFile; fileRef = B08C90B52B3144EA0030921F /* SMSVerificationViewModel.swift */; };
		B08C90B82B32BE220030921F /* HomeViewModel.swift in Sources */ = {isa = PBXBuildFile; fileRef = B08C90B72B32BE220030921F /* HomeViewModel.swift */; };
		B08C90BA2B32C0F10030921F /* Counter.swift in Sources */ = {isa = PBXBuildFile; fileRef = B08C90B92B32C0F10030921F /* Counter.swift */; };
		B0A809B22B10699A00E1933A /* AppRouting.swift in Sources */ = {isa = PBXBuildFile; fileRef = B0A809B12B10699A00E1933A /* AppRouting.swift */; };
		B0A809C42B1AEC3400E1933A /* HomeView.swift in Sources */ = {isa = PBXBuildFile; fileRef = B0A809C32B1AEC3400E1933A /* HomeView.swift */; };
		B0ACB8B62AF630F500DD7F36 /* Star21MobileApp.swift in Sources */ = {isa = PBXBuildFile; fileRef = B0ACB8B52AF630F500DD7F36 /* Star21MobileApp.swift */; };
		B0ACB8B82AF630F500DD7F36 /* ContentView.swift in Sources */ = {isa = PBXBuildFile; fileRef = B0ACB8B72AF630F500DD7F36 /* ContentView.swift */; };
		B0ACB8BA2AF630F900DD7F36 /* Assets.xcassets in Resources */ = {isa = PBXBuildFile; fileRef = B0ACB8B92AF630F900DD7F36 /* Assets.xcassets */; };
		B0ACB8BD2AF630F900DD7F36 /* Preview Assets.xcassets in Resources */ = {isa = PBXBuildFile; fileRef = B0ACB8BC2AF630F900DD7F36 /* Preview Assets.xcassets */; };
		B0ACB8C82AF6315000DD7F36 /* TicketsView.swift in Sources */ = {isa = PBXBuildFile; fileRef = B0ACB8C72AF6315000DD7F36 /* TicketsView.swift */; };
		B0ACB8CA2AF6316C00DD7F36 /* Models.swift in Sources */ = {isa = PBXBuildFile; fileRef = B0ACB8C92AF6316C00DD7F36 /* Models.swift */; };
		B0ACB8DE2AF855A700DD7F36 /* ZendeskWebRepository.swift in Sources */ = {isa = PBXBuildFile; fileRef = B0ACB8DD2AF855A700DD7F36 /* ZendeskWebRepository.swift */; };
		B0ACB8E12AF8560200DD7F36 /* WebRepository.swift in Sources */ = {isa = PBXBuildFile; fileRef = B0ACB8E02AF8560200DD7F36 /* WebRepository.swift */; };
		B0ACB8E32AF8590000DD7F36 /* APICall.swift in Sources */ = {isa = PBXBuildFile; fileRef = B0ACB8E22AF8590000DD7F36 /* APICall.swift */; };
		B0ACB8E92AF8968200DD7F36 /* TicketsViewModel.swift in Sources */ = {isa = PBXBuildFile; fileRef = B0ACB8E82AF8968200DD7F36 /* TicketsViewModel.swift */; };
		B0ACB8EE2AF89F9700DD7F36 /* AppDelegate.swift in Sources */ = {isa = PBXBuildFile; fileRef = B0ACB8ED2AF89F9700DD7F36 /* AppDelegate.swift */; };
		B0ACB8F02AF8A0E800DD7F36 /* SceneDelegate.swift in Sources */ = {isa = PBXBuildFile; fileRef = B0ACB8EF2AF8A0E800DD7F36 /* SceneDelegate.swift */; };
		B0ACB8F32AF8A8C400DD7F36 /* AppState.swift in Sources */ = {isa = PBXBuildFile; fileRef = B0ACB8F22AF8A8C400DD7F36 /* AppState.swift */; };
		B0ACB8FA2AFB044900DD7F36 /* TicketsService.swift in Sources */ = {isa = PBXBuildFile; fileRef = B0ACB8F92AFB044900DD7F36 /* TicketsService.swift */; };
		B0ACB8FE2AFB26D500DD7F36 /* SystemEventsHandler.swift in Sources */ = {isa = PBXBuildFile; fileRef = B0ACB8FD2AFB26D500DD7F36 /* SystemEventsHandler.swift */; };
		B0ACB9032AFB461800DD7F36 /* Factory in Frameworks */ = {isa = PBXBuildFile; productRef = B0ACB9022AFB461800DD7F36 /* Factory */; };
		B0ACB9052AFB469700DD7F36 /* AppContainer.swift in Sources */ = {isa = PBXBuildFile; fileRef = B0ACB9042AFB469700DD7F36 /* AppContainer.swift */; };
		B0ACB9072AFB512E00DD7F36 /* AuthenticationService.swift in Sources */ = {isa = PBXBuildFile; fileRef = B0ACB9062AFB512E00DD7F36 /* AuthenticationService.swift */; };
		B0ACB9162AFC457400DD7F36 /* AuthenticationView.swift in Sources */ = {isa = PBXBuildFile; fileRef = B0ACB9152AFC457400DD7F36 /* AuthenticationView.swift */; };
		B0ACB9182AFC458200DD7F36 /* AuthenticationViewModel.swift in Sources */ = {isa = PBXBuildFile; fileRef = B0ACB9172AFC458200DD7F36 /* AuthenticationViewModel.swift */; };
		B0ACB91A2AFC779C00DD7F36 /* AsyncSnapshot.swift in Sources */ = {isa = PBXBuildFile; fileRef = B0ACB9192AFC779C00DD7F36 /* AsyncSnapshot.swift */; };
		B0ACB91C2AFC913F00DD7F36 /* CancelBag.swift in Sources */ = {isa = PBXBuildFile; fileRef = B0ACB91B2AFC913F00DD7F36 /* CancelBag.swift */; };
		B0ACB9252AFDAF8D00DD7F36 /* Entities.swift in Sources */ = {isa = PBXBuildFile; fileRef = B0ACB9242AFDAF8C00DD7F36 /* Entities.swift */; };
		B0ACB9272AFDAFD300DD7F36 /* Models+Mapper.swift in Sources */ = {isa = PBXBuildFile; fileRef = B0ACB9262AFDAFD300DD7F36 /* Models+Mapper.swift */; };
		B0ACB92B2AFE077700DD7F36 /* BottomBarView.swift in Sources */ = {isa = PBXBuildFile; fileRef = B0ACB92A2AFE077700DD7F36 /* BottomBarView.swift */; };
		B0ACB9312AFE0C7400DD7F36 /* MainView.swift in Sources */ = {isa = PBXBuildFile; fileRef = B0ACB9302AFE0C7400DD7F36 /* MainView.swift */; };
		B0B0D45B2B7DE38F0097E63E /* loading.json in Resources */ = {isa = PBXBuildFile; fileRef = B0B0D45A2B7DE38F0097E63E /* loading.json */; };
		B0B0D45F2B82C1ED0097E63E /* YPImagePicker in Frameworks */ = {isa = PBXBuildFile; productRef = B0B0D45E2B82C1ED0097E63E /* YPImagePicker */; };
		B0B0D4652B830E020097E63E /* MediaPicker.swift in Sources */ = {isa = PBXBuildFile; fileRef = B0B0D4642B830E020097E63E /* MediaPicker.swift */; };
		B0D0EC522B3BA443006A9EC6 /* Avatar.swift in Sources */ = {isa = PBXBuildFile; fileRef = B0D0EC512B3BA443006A9EC6 /* Avatar.swift */; };
		B0D0EC542B3BA4B6006A9EC6 /* NotificationTile.swift in Sources */ = {isa = PBXBuildFile; fileRef = B0D0EC532B3BA4B6006A9EC6 /* NotificationTile.swift */; };
		B0DD0BF92B032C200048045D /* Stream.swift in Sources */ = {isa = PBXBuildFile; fileRef = B0DD0BF82B032C200048045D /* Stream.swift */; };
		B0DD0BFB2B0585B50048045D /* DataType.swift in Sources */ = {isa = PBXBuildFile; fileRef = B0DD0BFA2B0585B50048045D /* DataType.swift */; };
		B0DD0BFD2B058FD00048045D /* .swiftlint.yml in Resources */ = {isa = PBXBuildFile; fileRef = B0DD0BFC2B058FD00048045D /* .swiftlint.yml */; };
		B0F1F8FA2B0ACEC100D143C3 /* Comment.swift in Sources */ = {isa = PBXBuildFile; fileRef = B0F1F8F92B0ACEC100D143C3 /* Comment.swift */; };
		B0F1F8FC2B0AD9CD00D143C3 /* CommentTile.swift in Sources */ = {isa = PBXBuildFile; fileRef = B0F1F8FB2B0AD9CD00D143C3 /* CommentTile.swift */; };
		B0F1F8FE2B0C146800D143C3 /* HotlineButton.swift in Sources */ = {isa = PBXBuildFile; fileRef = B0F1F8FD2B0C146800D143C3 /* HotlineButton.swift */; };
		B0F1F9032B0C160200D143C3 /* ProfileView.swift in Sources */ = {isa = PBXBuildFile; fileRef = B0F1F9022B0C160200D143C3 /* ProfileView.swift */; };
		B0F1F9052B0C160B00D143C3 /* ProfileViewModel.swift in Sources */ = {isa = PBXBuildFile; fileRef = B0F1F9042B0C160A00D143C3 /* ProfileViewModel.swift */; };
		B0F1F9072B0D7D8B00D143C3 /* InfoTile.swift in Sources */ = {isa = PBXBuildFile; fileRef = B0F1F9062B0D7D8B00D143C3 /* InfoTile.swift */; };
/* End PBXBuildFile section */

/* Begin PBXFileReference section */
		B0045C5E2B8583DC00CDC16A /* Launch Screen.storyboard */ = {isa = PBXFileReference; lastKnownFileType = file.storyboard; path = "Launch Screen.storyboard"; sourceTree = "<group>"; };
		B018DC1C2B01C07700E341C1 /* User.swift */ = {isa = PBXFileReference; lastKnownFileType = sourcecode.swift; path = User.swift; sourceTree = "<group>"; };
		B018DC1E2B01C6F900E341C1 /* Ticket.swift */ = {isa = PBXFileReference; lastKnownFileType = sourcecode.swift; path = Ticket.swift; sourceTree = "<group>"; };
		B018DC202B01C75800E341C1 /* Form.swift */ = {isa = PBXFileReference; lastKnownFileType = sourcecode.swift; path = Form.swift; sourceTree = "<group>"; };
		B018DC262B01D1DE00E341C1 /* Field.swift */ = {isa = PBXFileReference; lastKnownFileType = sourcecode.swift; path = Field.swift; sourceTree = "<group>"; };
		B024D00D2B06E42D00428F96 /* TicketView.swift */ = {isa = PBXFileReference; lastKnownFileType = sourcecode.swift; path = TicketView.swift; sourceTree = "<group>"; };
		B024D00F2B06E43700428F96 /* TicketViewModel.swift */ = {isa = PBXFileReference; lastKnownFileType = sourcecode.swift; path = TicketViewModel.swift; sourceTree = "<group>"; };
		B024D0122B06E80000428F96 /* MockData.swift */ = {isa = PBXFileReference; lastKnownFileType = sourcecode.swift; path = MockData.swift; sourceTree = "<group>"; };
		B024D0142B07572100428F96 /* Constant.swift */ = {isa = PBXFileReference; lastKnownFileType = sourcecode.swift; path = Constant.swift; sourceTree = "<group>"; };
		B024D0162B075A3A00428F96 /* TicketFieldView.swift */ = {isa = PBXFileReference; lastKnownFileType = sourcecode.swift; path = TicketFieldView.swift; sourceTree = "<group>"; };
		B024D0182B075ACB00428F96 /* FieldTile.swift */ = {isa = PBXFileReference; lastKnownFileType = sourcecode.swift; path = FieldTile.swift; sourceTree = "<group>"; };
		B06ECDE02B06E07C00F29C41 /* NewTicketView.swift */ = {isa = PBXFileReference; lastKnownFileType = sourcecode.swift; path = NewTicketView.swift; sourceTree = "<group>"; };
		B06ECDE22B06E08700F29C41 /* NewTicketViewModel.swift */ = {isa = PBXFileReference; lastKnownFileType = sourcecode.swift; path = NewTicketViewModel.swift; sourceTree = "<group>"; };
		B07363122B1EABC3008F8416 /* ChatView.swift */ = {isa = PBXFileReference; lastKnownFileType = sourcecode.swift; path = ChatView.swift; sourceTree = "<group>"; };
		B08C90862B27DC8E0030921F /* AppConfig.swift */ = {isa = PBXFileReference; lastKnownFileType = sourcecode.swift; path = AppConfig.swift; sourceTree = "<group>"; };
		B08C908B2B29174E0030921F /* LoadingView.swift */ = {isa = PBXFileReference; lastKnownFileType = sourcecode.swift; path = LoadingView.swift; sourceTree = "<group>"; };
		B08C90972B2FA8160030921F /* EmailVerificationView.swift */ = {isa = PBXFileReference; lastKnownFileType = sourcecode.swift; path = EmailVerificationView.swift; sourceTree = "<group>"; };
		B08C90992B2FC55B0030921F /* Info.plist */ = {isa = PBXFileReference; lastKnownFileType = text.plist; path = Info.plist; sourceTree = "<group>"; };
		B08C909D2B2FD0F10030921F /* LottieView.swift */ = {isa = PBXFileReference; lastKnownFileType = sourcecode.swift; path = LottieView.swift; sourceTree = "<group>"; };
		B08C909F2B2FE2660030921F /* AnimatedSplashScreen.swift */ = {isa = PBXFileReference; lastKnownFileType = sourcecode.swift; path = AnimatedSplashScreen.swift; sourceTree = "<group>"; };
		B08C90A72B3135B00030921F /* splash.json */ = {isa = PBXFileReference; fileEncoding = 4; lastKnownFileType = text.json; path = splash.json; sourceTree = "<group>"; };
		B08C90A92B3144270030921F /* EmailFieldView.swift */ = {isa = PBXFileReference; lastKnownFileType = sourcecode.swift; path = EmailFieldView.swift; sourceTree = "<group>"; };
		B08C90AB2B3144320030921F /* EmailFieldViewModel.swift */ = {isa = PBXFileReference; lastKnownFileType = sourcecode.swift; path = EmailFieldViewModel.swift; sourceTree = "<group>"; };
		B08C90AD2B3144420030921F /* EmailVerificationViewModel.swift */ = {isa = PBXFileReference; lastKnownFileType = sourcecode.swift; path = EmailVerificationViewModel.swift; sourceTree = "<group>"; };
		B08C90AF2B3144C60030921F /* MobileFieldViewModel.swift */ = {isa = PBXFileReference; lastKnownFileType = sourcecode.swift; path = MobileFieldViewModel.swift; sourceTree = "<group>"; };
		B08C90B12B3144D30030921F /* MobileFieldView.swift */ = {isa = PBXFileReference; lastKnownFileType = sourcecode.swift; path = MobileFieldView.swift; sourceTree = "<group>"; };
		B08C90B32B3144DF0030921F /* SMSVerificationView.swift */ = {isa = PBXFileReference; lastKnownFileType = sourcecode.swift; path = SMSVerificationView.swift; sourceTree = "<group>"; };
		B08C90B52B3144EA0030921F /* SMSVerificationViewModel.swift */ = {isa = PBXFileReference; lastKnownFileType = sourcecode.swift; path = SMSVerificationViewModel.swift; sourceTree = "<group>"; };
		B08C90B72B32BE220030921F /* HomeViewModel.swift */ = {isa = PBXFileReference; lastKnownFileType = sourcecode.swift; path = HomeViewModel.swift; sourceTree = "<group>"; };
		B08C90B92B32C0F10030921F /* Counter.swift */ = {isa = PBXFileReference; lastKnownFileType = sourcecode.swift; path = Counter.swift; sourceTree = "<group>"; };
		B0A809B12B10699A00E1933A /* AppRouting.swift */ = {isa = PBXFileReference; lastKnownFileType = sourcecode.swift; path = AppRouting.swift; sourceTree = "<group>"; };
		B0A809C32B1AEC3400E1933A /* HomeView.swift */ = {isa = PBXFileReference; lastKnownFileType = sourcecode.swift; path = HomeView.swift; sourceTree = "<group>"; };
		B0ACB8B22AF630F500DD7F36 /* Star21Mobile.app */ = {isa = PBXFileReference; explicitFileType = wrapper.application; includeInIndex = 0; path = Star21Mobile.app; sourceTree = BUILT_PRODUCTS_DIR; };
		B0ACB8B52AF630F500DD7F36 /* Star21MobileApp.swift */ = {isa = PBXFileReference; lastKnownFileType = sourcecode.swift; path = Star21MobileApp.swift; sourceTree = "<group>"; };
		B0ACB8B72AF630F500DD7F36 /* ContentView.swift */ = {isa = PBXFileReference; lastKnownFileType = sourcecode.swift; path = ContentView.swift; sourceTree = "<group>"; };
		B0ACB8B92AF630F900DD7F36 /* Assets.xcassets */ = {isa = PBXFileReference; lastKnownFileType = folder.assetcatalog; path = Assets.xcassets; sourceTree = "<group>"; };
		B0ACB8BC2AF630F900DD7F36 /* Preview Assets.xcassets */ = {isa = PBXFileReference; lastKnownFileType = folder.assetcatalog; path = "Preview Assets.xcassets"; sourceTree = "<group>"; };
		B0ACB8C72AF6315000DD7F36 /* TicketsView.swift */ = {isa = PBXFileReference; lastKnownFileType = sourcecode.swift; path = TicketsView.swift; sourceTree = "<group>"; };
		B0ACB8C92AF6316C00DD7F36 /* Models.swift */ = {isa = PBXFileReference; lastKnownFileType = sourcecode.swift; path = Models.swift; sourceTree = "<group>"; };
		B0ACB8DD2AF855A700DD7F36 /* ZendeskWebRepository.swift */ = {isa = PBXFileReference; lastKnownFileType = sourcecode.swift; path = ZendeskWebRepository.swift; sourceTree = "<group>"; };
		B0ACB8E02AF8560200DD7F36 /* WebRepository.swift */ = {isa = PBXFileReference; lastKnownFileType = sourcecode.swift; path = WebRepository.swift; sourceTree = "<group>"; };
		B0ACB8E22AF8590000DD7F36 /* APICall.swift */ = {isa = PBXFileReference; lastKnownFileType = sourcecode.swift; path = APICall.swift; sourceTree = "<group>"; };
		B0ACB8E82AF8968200DD7F36 /* TicketsViewModel.swift */ = {isa = PBXFileReference; lastKnownFileType = sourcecode.swift; path = TicketsViewModel.swift; sourceTree = "<group>"; };
		B0ACB8ED2AF89F9700DD7F36 /* AppDelegate.swift */ = {isa = PBXFileReference; lastKnownFileType = sourcecode.swift; path = AppDelegate.swift; sourceTree = "<group>"; };
		B0ACB8EF2AF8A0E800DD7F36 /* SceneDelegate.swift */ = {isa = PBXFileReference; lastKnownFileType = sourcecode.swift; path = SceneDelegate.swift; sourceTree = "<group>"; };
		B0ACB8F22AF8A8C400DD7F36 /* AppState.swift */ = {isa = PBXFileReference; lastKnownFileType = sourcecode.swift; path = AppState.swift; sourceTree = "<group>"; };
		B0ACB8F92AFB044900DD7F36 /* TicketsService.swift */ = {isa = PBXFileReference; lastKnownFileType = sourcecode.swift; path = TicketsService.swift; sourceTree = "<group>"; };
		B0ACB8FD2AFB26D500DD7F36 /* SystemEventsHandler.swift */ = {isa = PBXFileReference; lastKnownFileType = sourcecode.swift; path = SystemEventsHandler.swift; sourceTree = "<group>"; };
		B0ACB9042AFB469700DD7F36 /* AppContainer.swift */ = {isa = PBXFileReference; lastKnownFileType = sourcecode.swift; path = AppContainer.swift; sourceTree = "<group>"; };
		B0ACB9062AFB512E00DD7F36 /* AuthenticationService.swift */ = {isa = PBXFileReference; lastKnownFileType = sourcecode.swift; path = AuthenticationService.swift; sourceTree = "<group>"; };
		B0ACB9152AFC457400DD7F36 /* AuthenticationView.swift */ = {isa = PBXFileReference; lastKnownFileType = sourcecode.swift; path = AuthenticationView.swift; sourceTree = "<group>"; };
		B0ACB9172AFC458200DD7F36 /* AuthenticationViewModel.swift */ = {isa = PBXFileReference; lastKnownFileType = sourcecode.swift; path = AuthenticationViewModel.swift; sourceTree = "<group>"; };
		B0ACB9192AFC779C00DD7F36 /* AsyncSnapshot.swift */ = {isa = PBXFileReference; lastKnownFileType = sourcecode.swift; path = AsyncSnapshot.swift; sourceTree = "<group>"; };
		B0ACB91B2AFC913F00DD7F36 /* CancelBag.swift */ = {isa = PBXFileReference; lastKnownFileType = sourcecode.swift; path = CancelBag.swift; sourceTree = "<group>"; };
		B0ACB9242AFDAF8C00DD7F36 /* Entities.swift */ = {isa = PBXFileReference; lastKnownFileType = sourcecode.swift; path = Entities.swift; sourceTree = "<group>"; };
		B0ACB9262AFDAFD300DD7F36 /* Models+Mapper.swift */ = {isa = PBXFileReference; lastKnownFileType = sourcecode.swift; path = "Models+Mapper.swift"; sourceTree = "<group>"; };
		B0ACB92A2AFE077700DD7F36 /* BottomBarView.swift */ = {isa = PBXFileReference; lastKnownFileType = sourcecode.swift; path = BottomBarView.swift; sourceTree = "<group>"; };
		B0ACB9302AFE0C7400DD7F36 /* MainView.swift */ = {isa = PBXFileReference; lastKnownFileType = sourcecode.swift; path = MainView.swift; sourceTree = "<group>"; };
		B0B0D45A2B7DE38F0097E63E /* loading.json */ = {isa = PBXFileReference; fileEncoding = 4; lastKnownFileType = text.json; path = loading.json; sourceTree = "<group>"; };
		B0B0D4642B830E020097E63E /* MediaPicker.swift */ = {isa = PBXFileReference; lastKnownFileType = sourcecode.swift; path = MediaPicker.swift; sourceTree = "<group>"; };
		B0D0EC512B3BA443006A9EC6 /* Avatar.swift */ = {isa = PBXFileReference; lastKnownFileType = sourcecode.swift; path = Avatar.swift; sourceTree = "<group>"; };
		B0D0EC532B3BA4B6006A9EC6 /* NotificationTile.swift */ = {isa = PBXFileReference; lastKnownFileType = sourcecode.swift; path = NotificationTile.swift; sourceTree = "<group>"; };
		B0DD0BF82B032C200048045D /* Stream.swift */ = {isa = PBXFileReference; lastKnownFileType = sourcecode.swift; path = Stream.swift; sourceTree = "<group>"; };
		B0DD0BFA2B0585B50048045D /* DataType.swift */ = {isa = PBXFileReference; lastKnownFileType = sourcecode.swift; path = DataType.swift; sourceTree = "<group>"; };
		B0DD0BFC2B058FD00048045D /* .swiftlint.yml */ = {isa = PBXFileReference; lastKnownFileType = text.yaml; path = .swiftlint.yml; sourceTree = "<group>"; };
		B0F1F8F92B0ACEC100D143C3 /* Comment.swift */ = {isa = PBXFileReference; lastKnownFileType = sourcecode.swift; path = Comment.swift; sourceTree = "<group>"; };
		B0F1F8FB2B0AD9CD00D143C3 /* CommentTile.swift */ = {isa = PBXFileReference; lastKnownFileType = sourcecode.swift; path = CommentTile.swift; sourceTree = "<group>"; };
		B0F1F8FD2B0C146800D143C3 /* HotlineButton.swift */ = {isa = PBXFileReference; lastKnownFileType = sourcecode.swift; path = HotlineButton.swift; sourceTree = "<group>"; };
		B0F1F9022B0C160200D143C3 /* ProfileView.swift */ = {isa = PBXFileReference; lastKnownFileType = sourcecode.swift; path = ProfileView.swift; sourceTree = "<group>"; };
		B0F1F9042B0C160A00D143C3 /* ProfileViewModel.swift */ = {isa = PBXFileReference; lastKnownFileType = sourcecode.swift; path = ProfileViewModel.swift; sourceTree = "<group>"; };
		B0F1F9062B0D7D8B00D143C3 /* InfoTile.swift */ = {isa = PBXFileReference; lastKnownFileType = sourcecode.swift; path = InfoTile.swift; sourceTree = "<group>"; };
/* End PBXFileReference section */

/* Begin PBXFrameworksBuildPhase section */
		B0ACB8AF2AF630F500DD7F36 /* Frameworks */ = {
			isa = PBXFrameworksBuildPhase;
			buildActionMask = 2147483647;
			files = (
				B07363162B1FE699008F8416 /* CodeScanner in Frameworks */,
				B0ACB9032AFB461800DD7F36 /* Factory in Frameworks */,
				B08C908A2B2914C70030921F /* Lottie in Frameworks */,
				B0B0D45F2B82C1ED0097E63E /* YPImagePicker in Frameworks */,
			);
			runOnlyForDeploymentPostprocessing = 0;
		};
/* End PBXFrameworksBuildPhase section */

/* Begin PBXGroup section */
		B018DC192B01938200E341C1 /* Models */ = {
			isa = PBXGroup;
			children = (
				B0ACB8C92AF6316C00DD7F36 /* Models.swift */,
				B0ACB9262AFDAFD300DD7F36 /* Models+Mapper.swift */,
				B018DC1C2B01C07700E341C1 /* User.swift */,
				B018DC1E2B01C6F900E341C1 /* Ticket.swift */,
				B018DC202B01C75800E341C1 /* Form.swift */,
				B018DC262B01D1DE00E341C1 /* Field.swift */,
				B0F1F8F92B0ACEC100D143C3 /* Comment.swift */,
			);
			path = Models;
			sourceTree = "<group>";
		};
		B018DC2A2B01EB1400E341C1 /* TicketView */ = {
			isa = PBXGroup;
			children = (
				B024D00D2B06E42D00428F96 /* TicketView.swift */,
				B024D00F2B06E43700428F96 /* TicketViewModel.swift */,
				B024D0182B075ACB00428F96 /* FieldTile.swift */,
				B0F1F8FB2B0AD9CD00D143C3 /* CommentTile.swift */,
			);
			path = TicketView;
			sourceTree = "<group>";
		};
		B018DC2D2B01EB4A00E341C1 /* TicketsView */ = {
			isa = PBXGroup;
			children = (
				B0ACB8C72AF6315000DD7F36 /* TicketsView.swift */,
				B0ACB8E82AF8968200DD7F36 /* TicketsViewModel.swift */,
			);
			path = TicketsView;
			sourceTree = "<group>";
		};
		B06ECDDF2B06E06800F29C41 /* NewTicketView */ = {
			isa = PBXGroup;
			children = (
				B06ECDE02B06E07C00F29C41 /* NewTicketView.swift */,
				B06ECDE22B06E08700F29C41 /* NewTicketViewModel.swift */,
				B024D0162B075A3A00428F96 /* TicketFieldView.swift */,
			);
			path = NewTicketView;
			sourceTree = "<group>";
		};
		B07363112B1EABB7008F8416 /* ChatView */ = {
			isa = PBXGroup;
			children = (
				B07363122B1EABC3008F8416 /* ChatView.swift */,
			);
			path = ChatView;
			sourceTree = "<group>";
		};
		B08C908F2B2922C60030921F /* Lottie */ = {
			isa = PBXGroup;
			children = (
				B08C90A72B3135B00030921F /* splash.json */,
				B0B0D45A2B7DE38F0097E63E /* loading.json */,
			);
			path = Lottie;
			sourceTree = "<group>";
		};
		B08C90922B2FA7AB0030921F /* Login */ = {
			isa = PBXGroup;
			children = (
				B08C90962B2FA7F90030921F /* SMSVerificationView */,
				B08C90952B2FA7E10030921F /* MobileFieldView */,
				B08C90942B2FA7D00030921F /* EmailVerificationView */,
				B08C90932B2FA7BF0030921F /* EmailFieldView */,
			);
			path = Login;
			sourceTree = "<group>";
		};
		B08C90932B2FA7BF0030921F /* EmailFieldView */ = {
			isa = PBXGroup;
			children = (
				B08C90A92B3144270030921F /* EmailFieldView.swift */,
				B08C90AB2B3144320030921F /* EmailFieldViewModel.swift */,
			);
			path = EmailFieldView;
			sourceTree = "<group>";
		};
		B08C90942B2FA7D00030921F /* EmailVerificationView */ = {
			isa = PBXGroup;
			children = (
				B08C90972B2FA8160030921F /* EmailVerificationView.swift */,
				B08C90AD2B3144420030921F /* EmailVerificationViewModel.swift */,
			);
			path = EmailVerificationView;
			sourceTree = "<group>";
		};
		B08C90952B2FA7E10030921F /* MobileFieldView */ = {
			isa = PBXGroup;
			children = (
				B08C90B12B3144D30030921F /* MobileFieldView.swift */,
				B08C90AF2B3144C60030921F /* MobileFieldViewModel.swift */,
			);
			path = MobileFieldView;
			sourceTree = "<group>";
		};
		B08C90962B2FA7F90030921F /* SMSVerificationView */ = {
			isa = PBXGroup;
			children = (
				B08C90B32B3144DF0030921F /* SMSVerificationView.swift */,
				B08C90B52B3144EA0030921F /* SMSVerificationViewModel.swift */,
			);
			path = SMSVerificationView;
			sourceTree = "<group>";
		};
		B0A809C22B1AEC2400E1933A /* HomeView */ = {
			isa = PBXGroup;
			children = (
				B0A809C32B1AEC3400E1933A /* HomeView.swift */,
				B08C90B72B32BE220030921F /* HomeViewModel.swift */,
				B08C90B92B32C0F10030921F /* Counter.swift */,
				B0D0EC532B3BA4B6006A9EC6 /* NotificationTile.swift */,
			);
			path = HomeView;
			sourceTree = "<group>";
		};
		B0ACB8A92AF630F500DD7F36 = {
			isa = PBXGroup;
			children = (
				B0ACB8B42AF630F500DD7F36 /* Star21Mobile */,
				B0ACB8B32AF630F500DD7F36 /* Products */,
			);
			sourceTree = "<group>";
		};
		B0ACB8B32AF630F500DD7F36 /* Products */ = {
			isa = PBXGroup;
			children = (
				B0ACB8B22AF630F500DD7F36 /* Star21Mobile.app */,
			);
			name = Products;
			sourceTree = "<group>";
		};
		B0ACB8B42AF630F500DD7F36 /* Star21Mobile */ = {
			isa = PBXGroup;
			children = (
				B08C90992B2FC55B0030921F /* Info.plist */,
				B08C908F2B2922C60030921F /* Lottie */,
				B0ACB92C2AFE0B9900DD7F36 /* Utilities */,
				B0ACB8F42AFAEF0500DD7F36 /* Services */,
				B0ACB8F12AF8A8B600DD7F36 /* Application */,
				B0ACB8DF2AF855CF00DD7F36 /* Infrastructure */,
				B0ACB8DB2AF8531C00DD7F36 /* UI */,
				B0ACB8DA2AF852EF00DD7F36 /* Systems */,
				B0ACB8D32AF8521200DD7F36 /* Domain */,
				B0ACB8D52AF8522900DD7F36 /* Data */,
				B0ACB8B52AF630F500DD7F36 /* Star21MobileApp.swift */,
				B0ACB8B72AF630F500DD7F36 /* ContentView.swift */,
				B08C909F2B2FE2660030921F /* AnimatedSplashScreen.swift */,
				B0ACB8B92AF630F900DD7F36 /* Assets.xcassets */,
				B0ACB8BB2AF630F900DD7F36 /* Preview Content */,
				B0DD0BFC2B058FD00048045D /* .swiftlint.yml */,
				B0045C5E2B8583DC00CDC16A /* Launch Screen.storyboard */,
			);
			path = Star21Mobile;
			sourceTree = "<group>";
		};
		B0ACB8BB2AF630F900DD7F36 /* Preview Content */ = {
			isa = PBXGroup;
			children = (
				B0ACB8BC2AF630F900DD7F36 /* Preview Assets.xcassets */,
			);
			path = "Preview Content";
			sourceTree = "<group>";
		};
		B0ACB8D32AF8521200DD7F36 /* Domain */ = {
			isa = PBXGroup;
			children = (
				B0ACB9242AFDAF8C00DD7F36 /* Entities.swift */,
			);
			path = Domain;
			sourceTree = "<group>";
		};
		B0ACB8D52AF8522900DD7F36 /* Data */ = {
			isa = PBXGroup;
			children = (
				B018DC192B01938200E341C1 /* Models */,
				B0ACB8E02AF8560200DD7F36 /* WebRepository.swift */,
				B0ACB8DD2AF855A700DD7F36 /* ZendeskWebRepository.swift */,
			);
			path = Data;
			sourceTree = "<group>";
		};
		B0ACB8D72AF8529E00DD7F36 /* Screens */ = {
			isa = PBXGroup;
			children = (
				B08C90922B2FA7AB0030921F /* Login */,
				B07363112B1EABB7008F8416 /* ChatView */,
				B0A809C22B1AEC2400E1933A /* HomeView */,
				B0F1F8FF2B0C15DE00D143C3 /* ProfileView */,
				B06ECDDF2B06E06800F29C41 /* NewTicketView */,
				B018DC2D2B01EB4A00E341C1 /* TicketsView */,
				B018DC2A2B01EB1400E341C1 /* TicketView */,
				B0ACB92F2AFE0C6A00DD7F36 /* MainView */,
				B0ACB9142AFC456100DD7F36 /* AuthenticationView */,
			);
			path = Screens;
			sourceTree = "<group>";
		};
		B0ACB8D82AF852AC00DD7F36 /* Components */ = {
			isa = PBXGroup;
			children = (
				B08C908B2B29174E0030921F /* LoadingView.swift */,
				B08C909D2B2FD0F10030921F /* LottieView.swift */,
				B0D0EC512B3BA443006A9EC6 /* Avatar.swift */,
				B0B0D4642B830E020097E63E /* MediaPicker.swift */,
			);
			path = Components;
			sourceTree = "<group>";
		};
		B0ACB8DA2AF852EF00DD7F36 /* Systems */ = {
			isa = PBXGroup;
			children = (
				B0ACB8ED2AF89F9700DD7F36 /* AppDelegate.swift */,
				B0ACB8EF2AF8A0E800DD7F36 /* SceneDelegate.swift */,
				B0ACB8FD2AFB26D500DD7F36 /* SystemEventsHandler.swift */,
			);
			path = Systems;
			sourceTree = "<group>";
		};
		B0ACB8DB2AF8531C00DD7F36 /* UI */ = {
			isa = PBXGroup;
			children = (
				B0ACB8D72AF8529E00DD7F36 /* Screens */,
				B0ACB8D82AF852AC00DD7F36 /* Components */,
			);
			path = UI;
			sourceTree = "<group>";
		};
		B0ACB8DF2AF855CF00DD7F36 /* Infrastructure */ = {
			isa = PBXGroup;
			children = (
				B0ACB8E22AF8590000DD7F36 /* APICall.swift */,
			);
			path = Infrastructure;
			sourceTree = "<group>";
		};
		B0ACB8F12AF8A8B600DD7F36 /* Application */ = {
			isa = PBXGroup;
			children = (
				B0ACB8F22AF8A8C400DD7F36 /* AppState.swift */,
				B0ACB9042AFB469700DD7F36 /* AppContainer.swift */,
				B024D0122B06E80000428F96 /* MockData.swift */,
				B0A809B12B10699A00E1933A /* AppRouting.swift */,
				B08C90862B27DC8E0030921F /* AppConfig.swift */,
			);
			path = Application;
			sourceTree = "<group>";
		};
		B0ACB8F42AFAEF0500DD7F36 /* Services */ = {
			isa = PBXGroup;
			children = (
				B0ACB8F92AFB044900DD7F36 /* TicketsService.swift */,
				B0ACB9062AFB512E00DD7F36 /* AuthenticationService.swift */,
			);
			path = Services;
			sourceTree = "<group>";
		};
		B0ACB9142AFC456100DD7F36 /* AuthenticationView */ = {
			isa = PBXGroup;
			children = (
				B0ACB9152AFC457400DD7F36 /* AuthenticationView.swift */,
				B0ACB9172AFC458200DD7F36 /* AuthenticationViewModel.swift */,
			);
			path = AuthenticationView;
			sourceTree = "<group>";
		};
		B0ACB92C2AFE0B9900DD7F36 /* Utilities */ = {
			isa = PBXGroup;
			children = (
				B0ACB9192AFC779C00DD7F36 /* AsyncSnapshot.swift */,
				B0ACB91B2AFC913F00DD7F36 /* CancelBag.swift */,
				B0DD0BF82B032C200048045D /* Stream.swift */,
				B0DD0BFA2B0585B50048045D /* DataType.swift */,
				B024D0142B07572100428F96 /* Constant.swift */,
			);
			path = Utilities;
			sourceTree = "<group>";
		};
		B0ACB92F2AFE0C6A00DD7F36 /* MainView */ = {
			isa = PBXGroup;
			children = (
				B0ACB9302AFE0C7400DD7F36 /* MainView.swift */,
				B0ACB92A2AFE077700DD7F36 /* BottomBarView.swift */,
				B0F1F8FD2B0C146800D143C3 /* HotlineButton.swift */,
			);
			path = MainView;
			sourceTree = "<group>";
		};
		B0F1F8FF2B0C15DE00D143C3 /* ProfileView */ = {
			isa = PBXGroup;
			children = (
				B0F1F9022B0C160200D143C3 /* ProfileView.swift */,
				B0F1F9042B0C160A00D143C3 /* ProfileViewModel.swift */,
				B0F1F9062B0D7D8B00D143C3 /* InfoTile.swift */,
			);
			path = ProfileView;
			sourceTree = "<group>";
		};
/* End PBXGroup section */

/* Begin PBXNativeTarget section */
		B0ACB8B12AF630F500DD7F36 /* Star21Mobile */ = {
			isa = PBXNativeTarget;
			buildConfigurationList = B0ACB8C02AF630F900DD7F36 /* Build configuration list for PBXNativeTarget "Star21Mobile" */;
			buildPhases = (
				B0ACB8AE2AF630F500DD7F36 /* Sources */,
				B0ACB8AF2AF630F500DD7F36 /* Frameworks */,
				B0ACB8B02AF630F500DD7F36 /* Resources */,
				B0ACB8C32AF6310E00DD7F36 /* ShellScript */,
			);
			buildRules = (
			);
			dependencies = (
			);
			name = Star21Mobile;
			packageProductDependencies = (
				B0ACB9022AFB461800DD7F36 /* Factory */,
				B07363152B1FE699008F8416 /* CodeScanner */,
				B08C90892B2914C70030921F /* Lottie */,
				B0B0D45E2B82C1ED0097E63E /* YPImagePicker */,
			);
			productName = Star21Mobile;
			productReference = B0ACB8B22AF630F500DD7F36 /* Star21Mobile.app */;
			productType = "com.apple.product-type.application";
		};
/* End PBXNativeTarget section */

/* Begin PBXProject section */
		B0ACB8AA2AF630F500DD7F36 /* Project object */ = {
			isa = PBXProject;
			attributes = {
				BuildIndependentTargetsInParallel = 1;
				LastSwiftUpdateCheck = 1430;
				LastUpgradeCheck = 1430;
				TargetAttributes = {
					B0ACB8B12AF630F500DD7F36 = {
						CreatedOnToolsVersion = 14.3.1;
					};
				};
			};
			buildConfigurationList = B0ACB8AD2AF630F500DD7F36 /* Build configuration list for PBXProject "Star21Mobile" */;
			compatibilityVersion = "Xcode 14.0";
			developmentRegion = en;
			hasScannedForEncodings = 0;
			knownRegions = (
				en,
				Base,
			);
			mainGroup = B0ACB8A92AF630F500DD7F36;
			packageReferences = (
				B0ACB9012AFB461800DD7F36 /* XCRemoteSwiftPackageReference "Factory" */,
				B07363142B1FE699008F8416 /* XCRemoteSwiftPackageReference "CodeScanner" */,
				B08C90882B2914C70030921F /* XCRemoteSwiftPackageReference "lottie-spm" */,
				B0B0D45D2B82C1ED0097E63E /* XCRemoteSwiftPackageReference "YPImagePicker" */,
			);
			productRefGroup = B0ACB8B32AF630F500DD7F36 /* Products */;
			projectDirPath = "";
			projectRoot = "";
			targets = (
				B0ACB8B12AF630F500DD7F36 /* Star21Mobile */,
			);
		};
/* End PBXProject section */

/* Begin PBXResourcesBuildPhase section */
		B0ACB8B02AF630F500DD7F36 /* Resources */ = {
			isa = PBXResourcesBuildPhase;
			buildActionMask = 2147483647;
			files = (
				B0045C5F2B8583DC00CDC16A /* Launch Screen.storyboard in Resources */,
				B08C90A82B3135B00030921F /* splash.json in Resources */,
				B0DD0BFD2B058FD00048045D /* .swiftlint.yml in Resources */,
				B0B0D45B2B7DE38F0097E63E /* loading.json in Resources */,
				B0ACB8BD2AF630F900DD7F36 /* Preview Assets.xcassets in Resources */,
				B0ACB8BA2AF630F900DD7F36 /* Assets.xcassets in Resources */,
			);
			runOnlyForDeploymentPostprocessing = 0;
		};
/* End PBXResourcesBuildPhase section */

/* Begin PBXShellScriptBuildPhase section */
		B0ACB8C32AF6310E00DD7F36 /* ShellScript */ = {
			isa = PBXShellScriptBuildPhase;
			buildActionMask = 2147483647;
			files = (
			);
			inputFileListPaths = (
			);
			inputPaths = (
			);
			outputFileListPaths = (
			);
			outputPaths = (
			);
			runOnlyForDeploymentPostprocessing = 0;
			shellPath = /bin/sh;
			shellScript = "if [[ \"$(uname -m)\" == arm64 ]]; then\n    export PATH=\"/opt/homebrew/bin:$PATH\"\nfi\n\nif which swiftlint > /dev/null; then\n  swiftlint --fix && swiftlint\nelse\n  echo \"warning: SwiftLint not installed, download from https://github.com/realm/SwiftLint\"\nfi\n";
		};
/* End PBXShellScriptBuildPhase section */

/* Begin PBXSourcesBuildPhase section */
		B0ACB8AE2AF630F500DD7F36 /* Sources */ = {
			isa = PBXSourcesBuildPhase;
			buildActionMask = 2147483647;
			files = (
				B0A809B22B10699A00E1933A /* AppRouting.swift in Sources */,
				B0ACB9252AFDAF8D00DD7F36 /* Entities.swift in Sources */,
				B0ACB8EE2AF89F9700DD7F36 /* AppDelegate.swift in Sources */,
				B08C90B62B3144EA0030921F /* SMSVerificationViewModel.swift in Sources */,
				B0ACB9052AFB469700DD7F36 /* AppContainer.swift in Sources */,
				B07363132B1EABC3008F8416 /* ChatView.swift in Sources */,
				B024D0172B075A3A00428F96 /* TicketFieldView.swift in Sources */,
				B08C90AA2B3144270030921F /* EmailFieldView.swift in Sources */,
				B0ACB92B2AFE077700DD7F36 /* BottomBarView.swift in Sources */,
				B018DC1D2B01C07700E341C1 /* User.swift in Sources */,
				B08C90AC2B3144320030921F /* EmailFieldViewModel.swift in Sources */,
				B0F1F9072B0D7D8B00D143C3 /* InfoTile.swift in Sources */,
				B024D0152B07572100428F96 /* Constant.swift in Sources */,
				B0ACB8C82AF6315000DD7F36 /* TicketsView.swift in Sources */,
				B0ACB8B82AF630F500DD7F36 /* ContentView.swift in Sources */,
				B0ACB8B62AF630F500DD7F36 /* Star21MobileApp.swift in Sources */,
				B0ACB8CA2AF6316C00DD7F36 /* Models.swift in Sources */,
				B06ECDE32B06E08700F29C41 /* NewTicketViewModel.swift in Sources */,
				B0F1F9032B0C160200D143C3 /* ProfileView.swift in Sources */,
				B024D0192B075ACB00428F96 /* FieldTile.swift in Sources */,
				B08C90BA2B32C0F10030921F /* Counter.swift in Sources */,
				B0ACB8DE2AF855A700DD7F36 /* ZendeskWebRepository.swift in Sources */,
				B024D00E2B06E42D00428F96 /* TicketView.swift in Sources */,
				B024D0132B06E80000428F96 /* MockData.swift in Sources */,
				B0F1F9052B0C160B00D143C3 /* ProfileViewModel.swift in Sources */,
				B08C90B02B3144C60030921F /* MobileFieldViewModel.swift in Sources */,
				B0D0EC542B3BA4B6006A9EC6 /* NotificationTile.swift in Sources */,
				B08C90B42B3144DF0030921F /* SMSVerificationView.swift in Sources */,
				B0ACB91C2AFC913F00DD7F36 /* CancelBag.swift in Sources */,
				B0F1F8FE2B0C146800D143C3 /* HotlineButton.swift in Sources */,
				B06ECDE12B06E07C00F29C41 /* NewTicketView.swift in Sources */,
				B024D0102B06E43700428F96 /* TicketViewModel.swift in Sources */,
				B08C90AE2B3144420030921F /* EmailVerificationViewModel.swift in Sources */,
				B0ACB8E32AF8590000DD7F36 /* APICall.swift in Sources */,
				B018DC1F2B01C6F900E341C1 /* Ticket.swift in Sources */,
				B0A809C42B1AEC3400E1933A /* HomeView.swift in Sources */,
				B0ACB8E92AF8968200DD7F36 /* TicketsViewModel.swift in Sources */,
				B0ACB9312AFE0C7400DD7F36 /* MainView.swift in Sources */,
				B0ACB91A2AFC779C00DD7F36 /* AsyncSnapshot.swift in Sources */,
				B0F1F8FC2B0AD9CD00D143C3 /* CommentTile.swift in Sources */,
				B0DD0BF92B032C200048045D /* Stream.swift in Sources */,
				B0732AF52B0EC696002C4398 /* Form.swift in Sources */,
				B0B0D4652B830E020097E63E /* MediaPicker.swift in Sources */,
				B0ACB9162AFC457400DD7F36 /* AuthenticationView.swift in Sources */,
				B0ACB9272AFDAFD300DD7F36 /* Models+Mapper.swift in Sources */,
				B0DD0BFB2B0585B50048045D /* DataType.swift in Sources */,
				B08C90B82B32BE220030921F /* HomeViewModel.swift in Sources */,
				B0ACB9072AFB512E00DD7F36 /* AuthenticationService.swift in Sources */,
				B08C90B22B3144D30030921F /* MobileFieldView.swift in Sources */,
				B018DC272B01D1DE00E341C1 /* Field.swift in Sources */,
				B08C90982B2FA8160030921F /* EmailVerificationView.swift in Sources */,
				B0ACB8F32AF8A8C400DD7F36 /* AppState.swift in Sources */,
				B0ACB8E12AF8560200DD7F36 /* WebRepository.swift in Sources */,
				B08C908C2B29174E0030921F /* LoadingView.swift in Sources */,
				B0D0EC522B3BA443006A9EC6 /* Avatar.swift in Sources */,
				B0F1F8FA2B0ACEC100D143C3 /* Comment.swift in Sources */,
				B0ACB9182AFC458200DD7F36 /* AuthenticationViewModel.swift in Sources */,
				B08C909E2B2FD0F10030921F /* LottieView.swift in Sources */,
				B08C90872B27DC8E0030921F /* AppConfig.swift in Sources */,
				B08C90A02B2FE2660030921F /* AnimatedSplashScreen.swift in Sources */,
				B0ACB8F02AF8A0E800DD7F36 /* SceneDelegate.swift in Sources */,
				B0ACB8FA2AFB044900DD7F36 /* TicketsService.swift in Sources */,
				B0ACB8FE2AFB26D500DD7F36 /* SystemEventsHandler.swift in Sources */,
			);
			runOnlyForDeploymentPostprocessing = 0;
		};
/* End PBXSourcesBuildPhase section */

/* Begin XCBuildConfiguration section */
		B0ACB8BE2AF630F900DD7F36 /* Debug */ = {
			isa = XCBuildConfiguration;
			buildSettings = {
				ALWAYS_SEARCH_USER_PATHS = NO;
				CLANG_ANALYZER_NONNULL = YES;
				CLANG_ANALYZER_NUMBER_OBJECT_CONVERSION = YES_AGGRESSIVE;
				CLANG_CXX_LANGUAGE_STANDARD = "gnu++20";
				CLANG_ENABLE_MODULES = YES;
				CLANG_ENABLE_OBJC_ARC = YES;
				CLANG_ENABLE_OBJC_WEAK = YES;
				CLANG_WARN_BLOCK_CAPTURE_AUTORELEASING = YES;
				CLANG_WARN_BOOL_CONVERSION = YES;
				CLANG_WARN_COMMA = YES;
				CLANG_WARN_CONSTANT_CONVERSION = YES;
				CLANG_WARN_DEPRECATED_OBJC_IMPLEMENTATIONS = YES;
				CLANG_WARN_DIRECT_OBJC_ISA_USAGE = YES_ERROR;
				CLANG_WARN_DOCUMENTATION_COMMENTS = YES;
				CLANG_WARN_EMPTY_BODY = YES;
				CLANG_WARN_ENUM_CONVERSION = YES;
				CLANG_WARN_INFINITE_RECURSION = YES;
				CLANG_WARN_INT_CONVERSION = YES;
				CLANG_WARN_NON_LITERAL_NULL_CONVERSION = YES;
				CLANG_WARN_OBJC_IMPLICIT_RETAIN_SELF = YES;
				CLANG_WARN_OBJC_LITERAL_CONVERSION = YES;
				CLANG_WARN_OBJC_ROOT_CLASS = YES_ERROR;
				CLANG_WARN_QUOTED_INCLUDE_IN_FRAMEWORK_HEADER = YES;
				CLANG_WARN_RANGE_LOOP_ANALYSIS = YES;
				CLANG_WARN_STRICT_PROTOTYPES = YES;
				CLANG_WARN_SUSPICIOUS_MOVE = YES;
				CLANG_WARN_UNGUARDED_AVAILABILITY = YES_AGGRESSIVE;
				CLANG_WARN_UNREACHABLE_CODE = YES;
				CLANG_WARN__DUPLICATE_METHOD_MATCH = YES;
				COPY_PHASE_STRIP = NO;
				DEBUG_INFORMATION_FORMAT = dwarf;
				ENABLE_STRICT_OBJC_MSGSEND = YES;
				ENABLE_TESTABILITY = YES;
				GCC_C_LANGUAGE_STANDARD = gnu11;
				GCC_DYNAMIC_NO_PIC = NO;
				GCC_NO_COMMON_BLOCKS = YES;
				GCC_OPTIMIZATION_LEVEL = 0;
				GCC_PREPROCESSOR_DEFINITIONS = (
					"DEBUG=1",
					"$(inherited)",
				);
				GCC_WARN_64_TO_32_BIT_CONVERSION = YES;
				GCC_WARN_ABOUT_RETURN_TYPE = YES_ERROR;
				GCC_WARN_UNDECLARED_SELECTOR = YES;
				GCC_WARN_UNINITIALIZED_AUTOS = YES_AGGRESSIVE;
				GCC_WARN_UNUSED_FUNCTION = YES;
				GCC_WARN_UNUSED_VARIABLE = YES;
				IPHONEOS_DEPLOYMENT_TARGET = 16.0;
				MTL_ENABLE_DEBUG_INFO = INCLUDE_SOURCE;
				MTL_FAST_MATH = YES;
				ONLY_ACTIVE_ARCH = YES;
				SDKROOT = iphoneos;
				SWIFT_ACTIVE_COMPILATION_CONDITIONS = DEBUG;
				SWIFT_OPTIMIZATION_LEVEL = "-Onone";
			};
			name = Debug;
		};
		B0ACB8BF2AF630F900DD7F36 /* Release */ = {
			isa = XCBuildConfiguration;
			buildSettings = {
				ALWAYS_SEARCH_USER_PATHS = NO;
				CLANG_ANALYZER_NONNULL = YES;
				CLANG_ANALYZER_NUMBER_OBJECT_CONVERSION = YES_AGGRESSIVE;
				CLANG_CXX_LANGUAGE_STANDARD = "gnu++20";
				CLANG_ENABLE_MODULES = YES;
				CLANG_ENABLE_OBJC_ARC = YES;
				CLANG_ENABLE_OBJC_WEAK = YES;
				CLANG_WARN_BLOCK_CAPTURE_AUTORELEASING = YES;
				CLANG_WARN_BOOL_CONVERSION = YES;
				CLANG_WARN_COMMA = YES;
				CLANG_WARN_CONSTANT_CONVERSION = YES;
				CLANG_WARN_DEPRECATED_OBJC_IMPLEMENTATIONS = YES;
				CLANG_WARN_DIRECT_OBJC_ISA_USAGE = YES_ERROR;
				CLANG_WARN_DOCUMENTATION_COMMENTS = YES;
				CLANG_WARN_EMPTY_BODY = YES;
				CLANG_WARN_ENUM_CONVERSION = YES;
				CLANG_WARN_INFINITE_RECURSION = YES;
				CLANG_WARN_INT_CONVERSION = YES;
				CLANG_WARN_NON_LITERAL_NULL_CONVERSION = YES;
				CLANG_WARN_OBJC_IMPLICIT_RETAIN_SELF = YES;
				CLANG_WARN_OBJC_LITERAL_CONVERSION = YES;
				CLANG_WARN_OBJC_ROOT_CLASS = YES_ERROR;
				CLANG_WARN_QUOTED_INCLUDE_IN_FRAMEWORK_HEADER = YES;
				CLANG_WARN_RANGE_LOOP_ANALYSIS = YES;
				CLANG_WARN_STRICT_PROTOTYPES = YES;
				CLANG_WARN_SUSPICIOUS_MOVE = YES;
				CLANG_WARN_UNGUARDED_AVAILABILITY = YES_AGGRESSIVE;
				CLANG_WARN_UNREACHABLE_CODE = YES;
				CLANG_WARN__DUPLICATE_METHOD_MATCH = YES;
				COPY_PHASE_STRIP = NO;
				DEBUG_INFORMATION_FORMAT = "dwarf-with-dsym";
				ENABLE_NS_ASSERTIONS = NO;
				ENABLE_STRICT_OBJC_MSGSEND = YES;
				GCC_C_LANGUAGE_STANDARD = gnu11;
				GCC_NO_COMMON_BLOCKS = YES;
				GCC_WARN_64_TO_32_BIT_CONVERSION = YES;
				GCC_WARN_ABOUT_RETURN_TYPE = YES_ERROR;
				GCC_WARN_UNDECLARED_SELECTOR = YES;
				GCC_WARN_UNINITIALIZED_AUTOS = YES_AGGRESSIVE;
				GCC_WARN_UNUSED_FUNCTION = YES;
				GCC_WARN_UNUSED_VARIABLE = YES;
				IPHONEOS_DEPLOYMENT_TARGET = 16.0;
				MTL_ENABLE_DEBUG_INFO = NO;
				MTL_FAST_MATH = YES;
				SDKROOT = iphoneos;
				SWIFT_COMPILATION_MODE = wholemodule;
				SWIFT_OPTIMIZATION_LEVEL = "-O";
				VALIDATE_PRODUCT = YES;
			};
			name = Release;
		};
		B0ACB8C12AF630F900DD7F36 /* Debug */ = {
			isa = XCBuildConfiguration;
			buildSettings = {
				ASSETCATALOG_COMPILER_APPICON_NAME = AppIcon;
				ASSETCATALOG_COMPILER_GLOBAL_ACCENT_COLOR_NAME = AccentColor;
				CODE_SIGN_STYLE = Automatic;
				CURRENT_PROJECT_VERSION = 1;
				DEVELOPMENT_ASSET_PATHS = "\"Star21Mobile/Preview Content\"";
				DEVELOPMENT_TEAM = FC78BY6K7K;
				ENABLE_PREVIEWS = YES;
				GENERATE_INFOPLIST_FILE = YES;
				INFOPLIST_FILE = Star21Mobile/Info.plist;
				INFOPLIST_KEY_NSCameraUsageDescription = "The app needs camera usage";
				INFOPLIST_KEY_NSMicrophoneUsageDescription = "The app needs microphone usage";
				INFOPLIST_KEY_NSPhotoLibraryUsageDescription = "The app needs photo library usage";
				INFOPLIST_KEY_UIApplicationSceneManifest_Generation = YES;
				INFOPLIST_KEY_UIApplicationSupportsIndirectInputEvents = YES;
				INFOPLIST_KEY_UILaunchStoryboardName = "Launch Screen.storyboard";
				INFOPLIST_KEY_UISupportedInterfaceOrientations_iPad = "UIInterfaceOrientationPortrait UIInterfaceOrientationPortraitUpsideDown UIInterfaceOrientationLandscapeLeft UIInterfaceOrientationLandscapeRight";
				INFOPLIST_KEY_UISupportedInterfaceOrientations_iPhone = "UIInterfaceOrientationPortrait UIInterfaceOrientationLandscapeLeft UIInterfaceOrientationLandscapeRight";
				IPHONEOS_DEPLOYMENT_TARGET = 16.0;
				LD_RUNPATH_SEARCH_PATHS = (
					"$(inherited)",
					"@executable_path/Frameworks",
				);
				MARKETING_VERSION = 1.0;
				PRODUCT_BUNDLE_IDENTIFIER = com.star21.Star21Mobile;
				PRODUCT_NAME = "$(TARGET_NAME)";
				SWIFT_EMIT_LOC_STRINGS = YES;
				SWIFT_VERSION = 5.0;
				TARGETED_DEVICE_FAMILY = "1,2";
			};
			name = Debug;
		};
		B0ACB8C22AF630F900DD7F36 /* Release */ = {
			isa = XCBuildConfiguration;
			buildSettings = {
				ASSETCATALOG_COMPILER_APPICON_NAME = AppIcon;
				ASSETCATALOG_COMPILER_GLOBAL_ACCENT_COLOR_NAME = AccentColor;
				CODE_SIGN_STYLE = Automatic;
				CURRENT_PROJECT_VERSION = 1;
				DEVELOPMENT_ASSET_PATHS = "\"Star21Mobile/Preview Content\"";
				DEVELOPMENT_TEAM = FC78BY6K7K;
				ENABLE_PREVIEWS = YES;
				GENERATE_INFOPLIST_FILE = YES;
				INFOPLIST_FILE = Star21Mobile/Info.plist;
				INFOPLIST_KEY_NSCameraUsageDescription = "The app needs camera usage";
				INFOPLIST_KEY_NSMicrophoneUsageDescription = "The app needs microphone usage";
				INFOPLIST_KEY_NSPhotoLibraryUsageDescription = "The app needs photo library usage";
				INFOPLIST_KEY_UIApplicationSceneManifest_Generation = YES;
				INFOPLIST_KEY_UIApplicationSupportsIndirectInputEvents = YES;
				INFOPLIST_KEY_UILaunchStoryboardName = "Launch Screen.storyboard";
				INFOPLIST_KEY_UISupportedInterfaceOrientations_iPad = "UIInterfaceOrientationPortrait UIInterfaceOrientationPortraitUpsideDown UIInterfaceOrientationLandscapeLeft UIInterfaceOrientationLandscapeRight";
				INFOPLIST_KEY_UISupportedInterfaceOrientations_iPhone = "UIInterfaceOrientationPortrait UIInterfaceOrientationLandscapeLeft UIInterfaceOrientationLandscapeRight";
				IPHONEOS_DEPLOYMENT_TARGET = 16.0;
				LD_RUNPATH_SEARCH_PATHS = (
					"$(inherited)",
					"@executable_path/Frameworks",
				);
				MARKETING_VERSION = 1.0;
				PRODUCT_BUNDLE_IDENTIFIER = com.star21.Star21Mobile;
				PRODUCT_NAME = "$(TARGET_NAME)";
				SWIFT_EMIT_LOC_STRINGS = YES;
				SWIFT_VERSION = 5.0;
				TARGETED_DEVICE_FAMILY = "1,2";
			};
			name = Release;
		};
/* End XCBuildConfiguration section */

/* Begin XCConfigurationList section */
		B0ACB8AD2AF630F500DD7F36 /* Build configuration list for PBXProject "Star21Mobile" */ = {
			isa = XCConfigurationList;
			buildConfigurations = (
				B0ACB8BE2AF630F900DD7F36 /* Debug */,
				B0ACB8BF2AF630F900DD7F36 /* Release */,
			);
			defaultConfigurationIsVisible = 0;
			defaultConfigurationName = Release;
		};
		B0ACB8C02AF630F900DD7F36 /* Build configuration list for PBXNativeTarget "Star21Mobile" */ = {
			isa = XCConfigurationList;
			buildConfigurations = (
				B0ACB8C12AF630F900DD7F36 /* Debug */,
				B0ACB8C22AF630F900DD7F36 /* Release */,
			);
			defaultConfigurationIsVisible = 0;
			defaultConfigurationName = Release;
		};
/* End XCConfigurationList section */

/* Begin XCRemoteSwiftPackageReference section */
		B07363142B1FE699008F8416 /* XCRemoteSwiftPackageReference "CodeScanner" */ = {
			isa = XCRemoteSwiftPackageReference;
			repositoryURL = "https://github.com/twostraws/CodeScanner";
			requirement = {
				kind = upToNextMajorVersion;
				minimumVersion = 2.0.0;
			};
		};
		B08C90882B2914C70030921F /* XCRemoteSwiftPackageReference "lottie-spm" */ = {
			isa = XCRemoteSwiftPackageReference;
			repositoryURL = "https://github.com/airbnb/lottie-spm.git";
			requirement = {
				kind = upToNextMajorVersion;
				minimumVersion = 4.0.0;
			};
		};
		B0ACB9012AFB461800DD7F36 /* XCRemoteSwiftPackageReference "Factory" */ = {
			isa = XCRemoteSwiftPackageReference;
			repositoryURL = "https://github.com/hmlongco/Factory";
			requirement = {
				kind = upToNextMajorVersion;
				minimumVersion = 2.0.0;
			};
		};
		B0B0D45D2B82C1ED0097E63E /* XCRemoteSwiftPackageReference "YPImagePicker" */ = {
			isa = XCRemoteSwiftPackageReference;
			repositoryURL = "https://github.com/Yummypets/YPImagePicker.git";
			requirement = {
				kind = upToNextMajorVersion;
				minimumVersion = 5.0.0;
			};
		};
/* End XCRemoteSwiftPackageReference section */

/* Begin XCSwiftPackageProductDependency section */
		B07363152B1FE699008F8416 /* CodeScanner */ = {
			isa = XCSwiftPackageProductDependency;
			package = B07363142B1FE699008F8416 /* XCRemoteSwiftPackageReference "CodeScanner" */;
			productName = CodeScanner;
		};
		B08C90892B2914C70030921F /* Lottie */ = {
			isa = XCSwiftPackageProductDependency;
			package = B08C90882B2914C70030921F /* XCRemoteSwiftPackageReference "lottie-spm" */;
			productName = Lottie;
		};
		B0ACB9022AFB461800DD7F36 /* Factory */ = {
			isa = XCSwiftPackageProductDependency;
			package = B0ACB9012AFB461800DD7F36 /* XCRemoteSwiftPackageReference "Factory" */;
			productName = Factory;
		};
		B0B0D45E2B82C1ED0097E63E /* YPImagePicker */ = {
			isa = XCSwiftPackageProductDependency;
			package = B0B0D45D2B82C1ED0097E63E /* XCRemoteSwiftPackageReference "YPImagePicker" */;
			productName = YPImagePicker;
		};
/* End XCSwiftPackageProductDependency section */
	};
	rootObject = B0ACB8AA2AF630F500DD7F36 /* Project object */;
}
