{
  "pins" : [
    {
      "identity" : "codescanner",
      "kind" : "remoteSourceControl",
      "location" : "https://github.com/twostraws/CodeScanner",
      "state" : {
        "revision" : "bf5d7087015620b250ee6c865b3c9039fc159d1a",
        "version" : "2.3.3"
      }
    },
    {
      "identity" : "factory",
      "kind" : "remoteSourceControl",
      "location" : "https://github.com/hmlongco/Factory",
      "state" : {
        "revision" : "8ca11a7bd1ede031e8e6d7a912bb116e2e43961b",
        "version" : "2.3.1"
      }
    },
    {
      "identity" : "lottie-spm",
      "kind" : "remoteSourceControl",
      "location" : "https://github.com/airbnb/lottie-spm.git",
      "state" : {
        "revision" : "96790253c1a82223bd43da651121abfd7e96d0f3",
        "version" : "4.3.4"
      }
    },
    {
      "identity" : "prynttrimmerview",
      "kind" : "remoteSourceControl",
      "location" : "https://github.com/HHK1/PryntTrimmerView",
      "state" : {
        "revision" : "ac1b60a22c7e6a6514de7a66d2f3d5b537c956d5",
        "version" : "4.0.2"
      }
    },
    {
      "identity" : "stevia",
      "kind" : "remoteSourceControl",
      "location" : "https://github.com/freshOS/Stevia",
      "state" : {
        "revision" : "cfb1a1d2159277bb553c3dc46f3f742c0275566d",
        "version" : "5.1.2"
      }
    },
    {
      "identity" : "ypimagepicker",
      "kind" : "remoteSourceControl",
      "location" : "https://github.com/Yummypets/YPImagePicker.git",
      "state" : {
        "revision" : "2db04eb020e3ef03828d3207d85250e110fa5919",
        "version" : "5.2.2"
      }
    }
  ],
  "version" : 2
}
